
Microsoft Visual Studio Solution File, Format Version 12.00
# Visual Studio 2013
VisualStudioVersion = 12.0.30723.0
MinimumVisualStudioVersion = 10.0.40219.1
Project("{8BC9CEB8-8B4A-11D0-8D11-00A0C91BC942}") = "ZFXEngine", "ZFXEngine\ZFXEngine.vcxproj", "{6CB9917F-BFB7-407F-9B0E-6008BFC87B61}"
	ProjectSection(ProjectDependencies) = postProject
		{F020CF2F-DDCE-4016-AAC7-FD893E5148B6} = {F020CF2F-DDCE-4016-AAC7-FD893E5148B6}
		{031C4455-ADB3-4EB7-A542-CFBA8D100B66} = {031C4455-ADB3-4EB7-A542-CFBA8D100B66}
		{33F48CA8-47CC-4E69-BEEE-9513E5B28AA3} = {33F48CA8-47CC-4E69-BEEE-9513E5B28AA3}
	EndProjectSection
EndProject
Project("{8BC9CEB8-8B4A-11D0-8D11-00A0C91BC942}") = "ZFXRenderer", "ZFXRenderer\ZFXRenderer.vcxproj", "{031C4455-ADB3-4EB7-A542-CFBA8D100B66}"
EndProject
Project("{8BC9CEB8-8B4A-11D0-8D11-00A0C91BC942}") = "ZFXD3D", "ZFXD3D\ZFXD3D.vcxproj", "{F020CF2F-DDCE-4016-AAC7-FD893E5148B6}"
EndProject
Project("{8BC9CEB8-8B4A-11D0-8D11-00A0C91BC942}") = "ZFX3D", "ZFX3D\ZFX3D.vcxproj", "{33F48CA8-47CC-4E69-BEEE-9513E5B28AA3}"
EndProject
Global
	GlobalSection(SolutionConfigurationPlatforms) = preSolution
		Debug|Win32 = Debug|Win32
		Release|Win32 = Release|Win32
	EndGlobalSection
	GlobalSection(ProjectConfigurationPlatforms) = postSolution
		{6CB9917F-BFB7-407F-9B0E-6008BFC87B61}.Debug|Win32.ActiveCfg = Debug|Win32
		{6CB9917F-BFB7-407F-9B0E-6008BFC87B61}.Debug|Win32.Build.0 = Debug|Win32
		{6CB9917F-BFB7-407F-9B0E-6008BFC87B61}.Release|Win32.ActiveCfg = Release|Win32
		{6CB9917F-BFB7-407F-9B0E-6008BFC87B61}.Release|Win32.Build.0 = Release|Win32
		{031C4455-ADB3-4EB7-A542-CFBA8D100B66}.Debug|Win32.ActiveCfg = Debug|Win32
		{031C4455-ADB3-4EB7-A542-CFBA8D100B66}.Debug|Win32.Build.0 = Debug|Win32
		{031C4455-ADB3-4EB7-A542-CFBA8D100B66}.Release|Win32.ActiveCfg = Release|Win32
		{031C4455-ADB3-4EB7-A542-CFBA8D100B66}.Release|Win32.Build.0 = Release|Win32
		{F020CF2F-DDCE-4016-AAC7-FD893E5148B6}.Debug|Win32.ActiveCfg = Debug|Win32
		{F020CF2F-DDCE-4016-AAC7-FD893E5148B6}.Debug|Win32.Build.0 = Debug|Win32
		{F020CF2F-DDCE-4016-AAC7-FD893E5148B6}.Release|Win32.ActiveCfg = Release|Win32
		{F020CF2F-DDCE-4016-AAC7-FD893E5148B6}.Release|Win32.Build.0 = Release|Win32
		{33F48CA8-47CC-4E69-BEEE-9513E5B28AA3}.Debug|Win32.ActiveCfg = Debug|Win32
		{33F48CA8-47CC-4E69-BEEE-9513E5B28AA3}.Debug|Win32.Build.0 = Debug|Win32
		{33F48CA8-47CC-4E69-BEEE-9513E5B28AA3}.Release|Win32.ActiveCfg = Release|Win32
		{33F48CA8-47CC-4E69-BEEE-9513E5B28AA3}.Release|Win32.Build.0 = Release|Win32
	EndGlobalSection
	GlobalSection(SolutionProperties) = preSolution
		HideSolutionNode = FALSE
	EndGlobalSection
EndGlobal
